
Microsoft Visual Studio Solution File, Format Version 12.00
# Visual Studio 15
VisualStudioVersion = 15.0.28307.852
MinimumVisualStudioVersion = 10.0.40219.1
Project("{E24C65DC-7377-472B-9ABA-BC803B73C61A}") = "ProviderSearchApp", ".", "{C5AABB2C-83EE-4CDF-A195-10F47DB64CFF}"
	ProjectSection(WebsiteProperties) = preProject
		TargetFrameworkMoniker = ".NETFramework,Version%3Dv4.0"
		Debug.AspNetCompiler.VirtualPath = "/localhost_57570"
		Debug.AspNetCompiler.PhysicalPath = "..\ProviderSearchApp\"
		Debug.AspNetCompiler.TargetPath = "PrecompiledWeb\localhost_57570\"
		Debug.AspNetCompiler.Updateable = "true"
		Debug.AspNetCompiler.ForceOverwrite = "true"
		Debug.AspNetCompiler.FixedNames = "false"
		Debug.AspNetCompiler.Debug = "True"
		Release.AspNetCompiler.VirtualPath = "/localhost_57570"
		Release.AspNetCompiler.PhysicalPath = "..\ProviderSearchApp\"
		Release.AspNetCompiler.TargetPath = "PrecompiledWeb\localhost_57570\"
		Release.AspNetCompiler.Updateable = "true"
		Release.AspNetCompiler.ForceOverwrite = "true"
		Release.AspNetCompiler.FixedNames = "false"
		Release.AspNetCompiler.Debug = "False"
		VWDPort = "57570"
	EndProjectSection
EndProject
Global
	GlobalSection(SolutionConfigurationPlatforms) = preSolution
		Debug|Any CPU = Debug|Any CPU
	EndGlobalSection
	GlobalSection(ProjectConfigurationPlatforms) = postSolution
		{C5AABB2C-83EE-4CDF-A195-10F47DB64CFF}.Debug|Any CPU.ActiveCfg = Debug|Any CPU
		{C5AABB2C-83EE-4CDF-A195-10F47DB64CFF}.Debug|Any CPU.Build.0 = Debug|Any CPU
	EndGlobalSection
	GlobalSection(SolutionProperties) = preSolution
		HideSolutionNode = FALSE
	EndGlobalSection
	GlobalSection(ExtensibilityGlobals) = postSolution
		SolutionGuid = {9D63219A-1593-43F3-A85C-6003449B919E}
	EndGlobalSection
EndGlobal
